
Microsoft Visual Studio Solution File, Format Version 12.00
# Visual Studio Version 17
VisualStudioVersion = 17.8.34525.116
MinimumVisualStudioVersion = 10.0.40219.1
Project("{FAE04EC0-301F-11D3-BF4B-00C04F79EFBC}") = "OOP_refrans_value_type", "engin_hoca_odev_4\OOP_refrans_value_type.csproj", "{8EA77A8B-1A25-4B50-9EF3-4C598941E221}"
EndProject
Project("{FAE04EC0-301F-11D3-BF4B-00C04F79EFBC}") = "Constructors", "Constructors\Constructors.csproj", "{7EFB7894-B33D-49E1-B3FC-952B0951310D}"
EndProject
Project("{FAE04EC0-301F-11D3-BF4B-00C04F79EFBC}") = "Interfaces", "Interfaces\Interfaces.csproj", "{4C87250C-28B4-44E3-BC8E-132DCE986FEA}"
EndProject
Project("{FAE04EC0-301F-11D3-BF4B-00C04F79EFBC}") = "Generics", "Generics\Generics.csproj", "{ACE1A643-9B27-4589-8C55-616604EDD993}"
EndProject
Global
	GlobalSection(SolutionConfigurationPlatforms) = preSolution
		Debug|Any CPU = Debug|Any CPU
		Release|Any CPU = Release|Any CPU
	EndGlobalSection
	GlobalSection(ProjectConfigurationPlatforms) = postSolution
		{8EA77A8B-1A25-4B50-9EF3-4C598941E221}.Debug|Any CPU.ActiveCfg = Debug|Any CPU
		{8EA77A8B-1A25-4B50-9EF3-4C598941E221}.Debug|Any CPU.Build.0 = Debug|Any CPU
		{8EA77A8B-1A25-4B50-9EF3-4C598941E221}.Release|Any CPU.ActiveCfg = Release|Any CPU
		{8EA77A8B-1A25-4B50-9EF3-4C598941E221}.Release|Any CPU.Build.0 = Release|Any CPU
		{7EFB7894-B33D-49E1-B3FC-952B0951310D}.Debug|Any CPU.ActiveCfg = Debug|Any CPU
		{7EFB7894-B33D-49E1-B3FC-952B0951310D}.Debug|Any CPU.Build.0 = Debug|Any CPU
		{7EFB7894-B33D-49E1-B3FC-952B0951310D}.Release|Any CPU.ActiveCfg = Release|Any CPU
		{7EFB7894-B33D-49E1-B3FC-952B0951310D}.Release|Any CPU.Build.0 = Release|Any CPU
		{4C87250C-28B4-44E3-BC8E-132DCE986FEA}.Debug|Any CPU.ActiveCfg = Debug|Any CPU
		{4C87250C-28B4-44E3-BC8E-132DCE986FEA}.Debug|Any CPU.Build.0 = Debug|Any CPU
		{4C87250C-28B4-44E3-BC8E-132DCE986FEA}.Release|Any CPU.ActiveCfg = Release|Any CPU
		{4C87250C-28B4-44E3-BC8E-132DCE986FEA}.Release|Any CPU.Build.0 = Release|Any CPU
		{ACE1A643-9B27-4589-8C55-616604EDD993}.Debug|Any CPU.ActiveCfg = Debug|Any CPU
		{ACE1A643-9B27-4589-8C55-616604EDD993}.Debug|Any CPU.Build.0 = Debug|Any CPU
		{ACE1A643-9B27-4589-8C55-616604EDD993}.Release|Any CPU.ActiveCfg = Release|Any CPU
		{ACE1A643-9B27-4589-8C55-616604EDD993}.Release|Any CPU.Build.0 = Release|Any CPU
	EndGlobalSection
	GlobalSection(SolutionProperties) = preSolution
		HideSolutionNode = FALSE
	EndGlobalSection
	GlobalSection(ExtensibilityGlobals) = postSolution
		SolutionGuid = {DDEE8233-76D3-44AC-888A-253D03A2E919}
	EndGlobalSection
EndGlobal
